// !$*UTF8*$!
{
	archiveVersion = 1;
	classes = {
	};
	objectVersion = 56;
	objects = {

/* Begin PBXBuildFile section */
		B60806D82B63D9170048646B /* MortyHashed.swift in Sources */ = {isa = PBXBuildFile; fileRef = B60806D72B63D9170048646B /* MortyHashed.swift */; };
		B62607912B690E120022CB11 /* RickMortySnapshotTests.swift in Sources */ = {isa = PBXBuildFile; fileRef = B62607902B690E120022CB11 /* RickMortySnapshotTests.swift */; };
		B62607992B690F0B0022CB11 /* InlineSnapshotTesting in Frameworks */ = {isa = PBXBuildFile; productRef = B62607982B690F0B0022CB11 /* InlineSnapshotTesting */; };
		B626079B2B690F0B0022CB11 /* SnapshotTesting in Frameworks */ = {isa = PBXBuildFile; productRef = B626079A2B690F0B0022CB11 /* SnapshotTesting */; };
		B626079D2B69107D0022CB11 /* RickMortyTests.swift in Sources */ = {isa = PBXBuildFile; fileRef = B626079C2B69107D0022CB11 /* RickMortyTests.swift */; };
		B67F2E762B56456A00998344 /* AppDelegate.swift in Sources */ = {isa = PBXBuildFile; fileRef = B67F2E752B56456A00998344 /* AppDelegate.swift */; };
		B67F2E782B56456A00998344 /* SceneDelegate.swift in Sources */ = {isa = PBXBuildFile; fileRef = B67F2E772B56456A00998344 /* SceneDelegate.swift */; };
		B67F2E7A2B56456A00998344 /* MortyController.swift in Sources */ = {isa = PBXBuildFile; fileRef = B67F2E792B56456A00998344 /* MortyController.swift */; };
		B67F2E7F2B56456B00998344 /* Assets.xcassets in Resources */ = {isa = PBXBuildFile; fileRef = B67F2E7E2B56456B00998344 /* Assets.xcassets */; };
		B67F2E822B56456B00998344 /* LaunchScreen.storyboard in Resources */ = {isa = PBXBuildFile; fileRef = B67F2E802B56456B00998344 /* LaunchScreen.storyboard */; };
		B67F2E8C2B5654B900998344 /* MortyManager.swift in Sources */ = {isa = PBXBuildFile; fileRef = B67F2E8B2B5654B900998344 /* MortyManager.swift */; };
		B67F2E8E2B56553300998344 /* MortyModel.swift in Sources */ = {isa = PBXBuildFile; fileRef = B67F2E8D2B56553300998344 /* MortyModel.swift */; };
		B67F2E902B5656F600998344 /* MortyView.swift in Sources */ = {isa = PBXBuildFile; fileRef = B67F2E8F2B5656F600998344 /* MortyView.swift */; };
		B67F2E922B56642500998344 /* MortyManager+Helpers.swift in Sources */ = {isa = PBXBuildFile; fileRef = B67F2E912B56642500998344 /* MortyManager+Helpers.swift */; };
		B67F2E982B567FDB00998344 /* MortyContentCell.swift in Sources */ = {isa = PBXBuildFile; fileRef = B67F2E972B567FDB00998344 /* MortyContentCell.swift */; };
		B67F2E9B2B5686E100998344 /* Collection+Extensions.swift in Sources */ = {isa = PBXBuildFile; fileRef = B67F2E9A2B5686E100998344 /* Collection+Extensions.swift */; };
		B67F2E9D2B56887900998344 /* UIViewController+Extensions.swift in Sources */ = {isa = PBXBuildFile; fileRef = B67F2E9C2B56887900998344 /* UIViewController+Extensions.swift */; };
		B67F2EA22B56A94700998344 /* Kingfisher in Frameworks */ = {isa = PBXBuildFile; productRef = B67F2EA12B56A94700998344 /* Kingfisher */; };
/* End PBXBuildFile section */

/* Begin PBXContainerItemProxy section */
		B62607922B690E120022CB11 /* PBXContainerItemProxy */ = {
			isa = PBXContainerItemProxy;
			containerPortal = B67F2E6A2B56456A00998344 /* Project object */;
			proxyType = 1;
			remoteGlobalIDString = B67F2E712B56456A00998344;
			remoteInfo = RickMorty;
		};
/* End PBXContainerItemProxy section */

/* Begin PBXFileReference section */
		B60806D72B63D9170048646B /* MortyHashed.swift */ = {isa = PBXFileReference; lastKnownFileType = sourcecode.swift; path = MortyHashed.swift; sourceTree = "<group>"; };
		B626078E2B690E120022CB11 /* RickMortyTests.xctest */ = {isa = PBXFileReference; explicitFileType = wrapper.cfbundle; includeInIndex = 0; path = RickMortyTests.xctest; sourceTree = BUILT_PRODUCTS_DIR; };
		B62607902B690E120022CB11 /* RickMortySnapshotTests.swift */ = {isa = PBXFileReference; lastKnownFileType = sourcecode.swift; path = RickMortySnapshotTests.swift; sourceTree = "<group>"; };
		B626079C2B69107D0022CB11 /* RickMortyTests.swift */ = {isa = PBXFileReference; lastKnownFileType = sourcecode.swift; path = RickMortyTests.swift; sourceTree = "<group>"; };
		B626079E2B6911F60022CB11 /* RickMorty.xctestplan */ = {isa = PBXFileReference; lastKnownFileType = text; path = RickMorty.xctestplan; sourceTree = "<group>"; };
		B67F2E722B56456A00998344 /* RickMorty.app */ = {isa = PBXFileReference; explicitFileType = wrapper.application; includeInIndex = 0; path = RickMorty.app; sourceTree = BUILT_PRODUCTS_DIR; };
		B67F2E752B56456A00998344 /* AppDelegate.swift */ = {isa = PBXFileReference; lastKnownFileType = sourcecode.swift; path = AppDelegate.swift; sourceTree = "<group>"; };
		B67F2E772B56456A00998344 /* SceneDelegate.swift */ = {isa = PBXFileReference; lastKnownFileType = sourcecode.swift; path = SceneDelegate.swift; sourceTree = "<group>"; };
		B67F2E792B56456A00998344 /* MortyController.swift */ = {isa = PBXFileReference; lastKnownFileType = sourcecode.swift; path = MortyController.swift; sourceTree = "<group>"; };
		B67F2E7E2B56456B00998344 /* Assets.xcassets */ = {isa = PBXFileReference; lastKnownFileType = folder.assetcatalog; path = Assets.xcassets; sourceTree = "<group>"; };
		B67F2E812B56456B00998344 /* Base */ = {isa = PBXFileReference; lastKnownFileType = file.storyboard; name = Base; path = Base.lproj/LaunchScreen.storyboard; sourceTree = "<group>"; };
		B67F2E832B56456B00998344 /* Info.plist */ = {isa = PBXFileReference; lastKnownFileType = text.plist.xml; name = Info.plist; path = RickMorty/Core/Info.plist; sourceTree = SOURCE_ROOT; };
		B67F2E8B2B5654B900998344 /* MortyManager.swift */ = {isa = PBXFileReference; lastKnownFileType = sourcecode.swift; path = MortyManager.swift; sourceTree = "<group>"; };
		B67F2E8D2B56553300998344 /* MortyModel.swift */ = {isa = PBXFileReference; lastKnownFileType = sourcecode.swift; path = MortyModel.swift; sourceTree = "<group>"; };
		B67F2E8F2B5656F600998344 /* MortyView.swift */ = {isa = PBXFileReference; lastKnownFileType = sourcecode.swift; path = MortyView.swift; sourceTree = "<group>"; };
		B67F2E912B56642500998344 /* MortyManager+Helpers.swift */ = {isa = PBXFileReference; lastKnownFileType = sourcecode.swift; path = "MortyManager+Helpers.swift"; sourceTree = "<group>"; };
		B67F2E972B567FDB00998344 /* MortyContentCell.swift */ = {isa = PBXFileReference; lastKnownFileType = sourcecode.swift; path = MortyContentCell.swift; sourceTree = "<group>"; };
		B67F2E9A2B5686E100998344 /* Collection+Extensions.swift */ = {isa = PBXFileReference; lastKnownFileType = sourcecode.swift; path = "Collection+Extensions.swift"; sourceTree = "<group>"; };
		B67F2E9C2B56887900998344 /* UIViewController+Extensions.swift */ = {isa = PBXFileReference; lastKnownFileType = sourcecode.swift; path = "UIViewController+Extensions.swift"; sourceTree = "<group>"; };
/* End PBXFileReference section */

/* Begin PBXFrameworksBuildPhase section */
		B626078B2B690E120022CB11 /* Frameworks */ = {
			isa = PBXFrameworksBuildPhase;
			buildActionMask = 2147483647;
			files = (
				B62607992B690F0B0022CB11 /* InlineSnapshotTesting in Frameworks */,
				B626079B2B690F0B0022CB11 /* SnapshotTesting in Frameworks */,
			);
			runOnlyForDeploymentPostprocessing = 0;
		};
		B67F2E6F2B56456A00998344 /* Frameworks */ = {
			isa = PBXFrameworksBuildPhase;
			buildActionMask = 2147483647;
			files = (
				B67F2EA22B56A94700998344 /* Kingfisher in Frameworks */,
			);
			runOnlyForDeploymentPostprocessing = 0;
		};
/* End PBXFrameworksBuildPhase section */

/* Begin PBXGroup section */
		B60806D62B63D9090048646B /* Entity */ = {
			isa = PBXGroup;
			children = (
				B67F2E8D2B56553300998344 /* MortyModel.swift */,
				B60806D72B63D9170048646B /* MortyHashed.swift */,
			);
			path = Entity;
			sourceTree = "<group>";
		};
		B60806D92B6756280048646B /* Main */ = {
			isa = PBXGroup;
			children = (
				B67F2E792B56456A00998344 /* MortyController.swift */,
				B67F2E8F2B5656F600998344 /* MortyView.swift */,
			);
			path = Main;
			sourceTree = "<group>";
		};
		B626078F2B690E120022CB11 /* RickMortyTests */ = {
			isa = PBXGroup;
			children = (
				B626079C2B69107D0022CB11 /* RickMortyTests.swift */,
				B62607902B690E120022CB11 /* RickMortySnapshotTests.swift */,
			);
			path = RickMortyTests;
			sourceTree = "<group>";
		};
		B67F2E692B56456A00998344 = {
			isa = PBXGroup;
			children = (
				B626079E2B6911F60022CB11 /* RickMorty.xctestplan */,
				B67F2E742B56456A00998344 /* RickMorty */,
				B626078F2B690E120022CB11 /* RickMortyTests */,
				B67F2E732B56456A00998344 /* Products */,
			);
			sourceTree = "<group>";
		};
		B67F2E732B56456A00998344 /* Products */ = {
			isa = PBXGroup;
			children = (
				B67F2E722B56456A00998344 /* RickMorty.app */,
				B626078E2B690E120022CB11 /* RickMortyTests.xctest */,
			);
			name = Products;
			sourceTree = "<group>";
		};
		B67F2E742B56456A00998344 /* RickMorty */ = {
			isa = PBXGroup;
			children = (
				B67F2E892B56459300998344 /* Core */,
				B67F2E8A2B56459C00998344 /* Main */,
			);
			path = RickMorty;
			sourceTree = "<group>";
		};
		B67F2E892B56459300998344 /* Core */ = {
			isa = PBXGroup;
			children = (
				B67F2E832B56456B00998344 /* Info.plist */,
				B67F2E7E2B56456B00998344 /* Assets.xcassets */,
				B67F2E802B56456B00998344 /* LaunchScreen.storyboard */,
				B67F2E772B56456A00998344 /* SceneDelegate.swift */,
				B67F2E752B56456A00998344 /* AppDelegate.swift */,
			);
			path = Core;
			sourceTree = "<group>";
		};
		B67F2E8A2B56459C00998344 /* Main */ = {
			isa = PBXGroup;
			children = (
				B67F2E932B56643200998344 /* UI Layer */,
				B67F2E942B56644200998344 /* Network Layer */,
				B67F2E992B5686AC00998344 /* Helpers */,
			);
			path = Main;
			sourceTree = "<group>";
		};
		B67F2E932B56643200998344 /* UI Layer */ = {
			isa = PBXGroup;
			children = (
				B60806D92B6756280048646B /* Main */,
				B67F2E962B567FB200998344 /* Components */,
				B60806D62B63D9090048646B /* Entity */,
			);
			path = "UI Layer";
			sourceTree = "<group>";
		};
		B67F2E942B56644200998344 /* Network Layer */ = {
			isa = PBXGroup;
			children = (
				B67F2E8B2B5654B900998344 /* MortyManager.swift */,
				B67F2E912B56642500998344 /* MortyManager+Helpers.swift */,
			);
			path = "Network Layer";
			sourceTree = "<group>";
		};
		B67F2E962B567FB200998344 /* Components */ = {
			isa = PBXGroup;
			children = (
				B67F2E972B567FDB00998344 /* MortyContentCell.swift */,
			);
			path = Components;
			sourceTree = "<group>";
		};
		B67F2E992B5686AC00998344 /* Helpers */ = {
			isa = PBXGroup;
			children = (
				B67F2E9A2B5686E100998344 /* Collection+Extensions.swift */,
				B67F2E9C2B56887900998344 /* UIViewController+Extensions.swift */,
			);
			path = Helpers;
			sourceTree = "<group>";
		};
/* End PBXGroup section */

/* Begin PBXNativeTarget section */
		B626078D2B690E120022CB11 /* RickMortyTests */ = {
			isa = PBXNativeTarget;
			buildConfigurationList = B62607962B690E120022CB11 /* Build configuration list for PBXNativeTarget "RickMortyTests" */;
			buildPhases = (
				B626078A2B690E120022CB11 /* Sources */,
				B626078B2B690E120022CB11 /* Frameworks */,
				B626078C2B690E120022CB11 /* Resources */,
			);
			buildRules = (
			);
			dependencies = (
				B62607932B690E120022CB11 /* PBXTargetDependency */,
			);
			name = RickMortyTests;
			packageProductDependencies = (
				B62607982B690F0B0022CB11 /* InlineSnapshotTesting */,
				B626079A2B690F0B0022CB11 /* SnapshotTesting */,
			);
			productName = RickMortyTests;
			productReference = B626078E2B690E120022CB11 /* RickMortyTests.xctest */;
			productType = "com.apple.product-type.bundle.unit-test";
		};
		B67F2E712B56456A00998344 /* RickMorty */ = {
			isa = PBXNativeTarget;
			buildConfigurationList = B67F2E862B56456B00998344 /* Build configuration list for PBXNativeTarget "RickMorty" */;
			buildPhases = (
				B67F2E6E2B56456A00998344 /* Sources */,
				B67F2E6F2B56456A00998344 /* Frameworks */,
				B67F2E702B56456A00998344 /* Resources */,
			);
			buildRules = (
			);
			dependencies = (
			);
			name = RickMorty;
			packageProductDependencies = (
				B67F2EA12B56A94700998344 /* Kingfisher */,
			);
			productName = RickMorty;
			productReference = B67F2E722B56456A00998344 /* RickMorty.app */;
			productType = "com.apple.product-type.application";
		};
/* End PBXNativeTarget section */

/* Begin PBXProject section */
		B67F2E6A2B56456A00998344 /* Project object */ = {
			isa = PBXProject;
			attributes = {
				BuildIndependentTargetsInParallel = 1;
				LastSwiftUpdateCheck = 1520;
				LastUpgradeCheck = 1520;
				TargetAttributes = {
					B626078D2B690E120022CB11 = {
						CreatedOnToolsVersion = 15.2;
						TestTargetID = B67F2E712B56456A00998344;
					};
					B67F2E712B56456A00998344 = {
						CreatedOnToolsVersion = 15.2;
					};
				};
			};
			buildConfigurationList = B67F2E6D2B56456A00998344 /* Build configuration list for PBXProject "RickMorty" */;
			compatibilityVersion = "Xcode 14.0";
			developmentRegion = en;
			hasScannedForEncodings = 0;
			knownRegions = (
				en,
				Base,
			);
			mainGroup = B67F2E692B56456A00998344;
			packageReferences = (
				B67F2EA02B56A94700998344 /* XCRemoteSwiftPackageReference "Kingfisher" */,
				B62607972B690F0B0022CB11 /* XCRemoteSwiftPackageReference "swift-snapshot-testing" */,
			);
			productRefGroup = B67F2E732B56456A00998344 /* Products */;
			projectDirPath = "";
			projectRoot = "";
			targets = (
				B67F2E712B56456A00998344 /* RickMorty */,
				B626078D2B690E120022CB11 /* RickMortyTests */,
			);
		};
/* End PBXProject section */

/* Begin PBXResourcesBuildPhase section */
		B626078C2B690E120022CB11 /* Resources */ = {
			isa = PBXResourcesBuildPhase;
			buildActionMask = 2147483647;
			files = (
			);
			runOnlyForDeploymentPostprocessing = 0;
		};
		B67F2E702B56456A00998344 /* Resources */ = {
			isa = PBXResourcesBuildPhase;
			buildActionMask = 2147483647;
			files = (
				B67F2E822B56456B00998344 /* LaunchScreen.storyboard in Resources */,
				B67F2E7F2B56456B00998344 /* Assets.xcassets in Resources */,
			);
			runOnlyForDeploymentPostprocessing = 0;
		};
/* End PBXResourcesBuildPhase section */

/* Begin PBXSourcesBuildPhase section */
		B626078A2B690E120022CB11 /* Sources */ = {
			isa = PBXSourcesBuildPhase;
			buildActionMask = 2147483647;
			files = (
				B626079D2B69107D0022CB11 /* RickMortyTests.swift in Sources */,
				B62607912B690E120022CB11 /* RickMortySnapshotTests.swift in Sources */,
			);
			runOnlyForDeploymentPostprocessing = 0;
		};
		B67F2E6E2B56456A00998344 /* Sources */ = {
			isa = PBXSourcesBuildPhase;
			buildActionMask = 2147483647;
			files = (
				B67F2E902B5656F600998344 /* MortyView.swift in Sources */,
				B67F2E922B56642500998344 /* MortyManager+Helpers.swift in Sources */,
				B67F2E9D2B56887900998344 /* UIViewController+Extensions.swift in Sources */,
				B67F2E7A2B56456A00998344 /* MortyController.swift in Sources */,
				B67F2E762B56456A00998344 /* AppDelegate.swift in Sources */,
				B67F2E782B56456A00998344 /* SceneDelegate.swift in Sources */,
				B60806D82B63D9170048646B /* MortyHashed.swift in Sources */,
				B67F2E8E2B56553300998344 /* MortyModel.swift in Sources */,
				B67F2E8C2B5654B900998344 /* MortyManager.swift in Sources */,
				B67F2E982B567FDB00998344 /* MortyContentCell.swift in Sources */,
				B67F2E9B2B5686E100998344 /* Collection+Extensions.swift in Sources */,
			);
			runOnlyForDeploymentPostprocessing = 0;
		};
/* End PBXSourcesBuildPhase section */

/* Begin PBXTargetDependency section */
		B62607932B690E120022CB11 /* PBXTargetDependency */ = {
			isa = PBXTargetDependency;
			target = B67F2E712B56456A00998344 /* RickMorty */;
			targetProxy = B62607922B690E120022CB11 /* PBXContainerItemProxy */;
		};
/* End PBXTargetDependency section */

/* Begin PBXVariantGroup section */
		B67F2E802B56456B00998344 /* LaunchScreen.storyboard */ = {
			isa = PBXVariantGroup;
			children = (
				B67F2E812B56456B00998344 /* Base */,
			);
			name = LaunchScreen.storyboard;
			sourceTree = "<group>";
		};
/* End PBXVariantGroup section */

/* Begin XCBuildConfiguration section */
		B62607942B690E120022CB11 /* Debug */ = {
			isa = XCBuildConfiguration;
			buildSettings = {
				BUNDLE_LOADER = "$(TEST_HOST)";
				CODE_SIGN_STYLE = Automatic;
				CURRENT_PROJECT_VERSION = 1;
				DEVELOPMENT_TEAM = LVML7564ED;
				GENERATE_INFOPLIST_FILE = YES;
				MARKETING_VERSION = 1.0;
				PRODUCT_BUNDLE_IDENTIFIER = org.9b2244dd8eec6ace.RickMortyTests;
				PRODUCT_NAME = "$(TARGET_NAME)";
				SWIFT_EMIT_LOC_STRINGS = NO;
				SWIFT_VERSION = 5.0;
				TARGETED_DEVICE_FAMILY = "1,2";
				TEST_HOST = "$(BUILT_PRODUCTS_DIR)/RickMorty.app/$(BUNDLE_EXECUTABLE_FOLDER_PATH)/RickMorty";
			};
			name = Debug;
		};
		B62607952B690E120022CB11 /* Release */ = {
			isa = XCBuildConfiguration;
			buildSettings = {
				BUNDLE_LOADER = "$(TEST_HOST)";
				CODE_SIGN_STYLE = Automatic;
				CURRENT_PROJECT_VERSION = 1;
				DEVELOPMENT_TEAM = LVML7564ED;
				GENERATE_INFOPLIST_FILE = YES;
				MARKETING_VERSION = 1.0;
				PRODUCT_BUNDLE_IDENTIFIER = org.9b2244dd8eec6ace.RickMortyTests;
				PRODUCT_NAME = "$(TARGET_NAME)";
				SWIFT_EMIT_LOC_STRINGS = NO;
				SWIFT_VERSION = 5.0;
				TARGETED_DEVICE_FAMILY = "1,2";
				TEST_HOST = "$(BUILT_PRODUCTS_DIR)/RickMorty.app/$(BUNDLE_EXECUTABLE_FOLDER_PATH)/RickMorty";
			};
			name = Release;
		};
		B67F2E842B56456B00998344 /* Debug */ = {
			isa = XCBuildConfiguration;
			buildSettings = {
				ALWAYS_SEARCH_USER_PATHS = NO;
				ASSETCATALOG_COMPILER_GENERATE_SWIFT_ASSET_SYMBOL_EXTENSIONS = YES;
				CLANG_ANALYZER_NONNULL = YES;
				CLANG_ANALYZER_NUMBER_OBJECT_CONVERSION = YES_AGGRESSIVE;
				CLANG_CXX_LANGUAGE_STANDARD = "gnu++20";
				CLANG_ENABLE_MODULES = YES;
				CLANG_ENABLE_OBJC_ARC = YES;
				CLANG_ENABLE_OBJC_WEAK = YES;
				CLANG_WARN_BLOCK_CAPTURE_AUTORELEASING = YES;
				CLANG_WARN_BOOL_CONVERSION = YES;
				CLANG_WARN_COMMA = YES;
				CLANG_WARN_CONSTANT_CONVERSION = YES;
				CLANG_WARN_DEPRECATED_OBJC_IMPLEMENTATIONS = YES;
				CLANG_WARN_DIRECT_OBJC_ISA_USAGE = YES_ERROR;
				CLANG_WARN_DOCUMENTATION_COMMENTS = YES;
				CLANG_WARN_EMPTY_BODY = YES;
				CLANG_WARN_ENUM_CONVERSION = YES;
				CLANG_WARN_INFINITE_RECURSION = YES;
				CLANG_WARN_INT_CONVERSION = YES;
				CLANG_WARN_NON_LITERAL_NULL_CONVERSION = YES;
				CLANG_WARN_OBJC_IMPLICIT_RETAIN_SELF = YES;
				CLANG_WARN_OBJC_LITERAL_CONVERSION = YES;
				CLANG_WARN_OBJC_ROOT_CLASS = YES_ERROR;
				CLANG_WARN_QUOTED_INCLUDE_IN_FRAMEWORK_HEADER = YES;
				CLANG_WARN_RANGE_LOOP_ANALYSIS = YES;
				CLANG_WARN_STRICT_PROTOTYPES = YES;
				CLANG_WARN_SUSPICIOUS_MOVE = YES;
				CLANG_WARN_UNGUARDED_AVAILABILITY = YES_AGGRESSIVE;
				CLANG_WARN_UNREACHABLE_CODE = YES;
				CLANG_WARN__DUPLICATE_METHOD_MATCH = YES;
				COPY_PHASE_STRIP = NO;
				DEBUG_INFORMATION_FORMAT = dwarf;
				ENABLE_STRICT_OBJC_MSGSEND = YES;
				ENABLE_TESTABILITY = YES;
				ENABLE_USER_SCRIPT_SANDBOXING = YES;
				GCC_C_LANGUAGE_STANDARD = gnu17;
				GCC_DYNAMIC_NO_PIC = NO;
				GCC_NO_COMMON_BLOCKS = YES;
				GCC_OPTIMIZATION_LEVEL = 0;
				GCC_PREPROCESSOR_DEFINITIONS = (
					"DEBUG=1",
					"$(inherited)",
				);
				GCC_WARN_64_TO_32_BIT_CONVERSION = YES;
				GCC_WARN_ABOUT_RETURN_TYPE = YES_ERROR;
				GCC_WARN_UNDECLARED_SELECTOR = YES;
				GCC_WARN_UNINITIALIZED_AUTOS = YES_AGGRESSIVE;
				GCC_WARN_UNUSED_FUNCTION = YES;
				GCC_WARN_UNUSED_VARIABLE = YES;
				IPHONEOS_DEPLOYMENT_TARGET = 17.2;
				LOCALIZATION_PREFERS_STRING_CATALOGS = YES;
				MTL_ENABLE_DEBUG_INFO = INCLUDE_SOURCE;
				MTL_FAST_MATH = YES;
				ONLY_ACTIVE_ARCH = YES;
				SDKROOT = iphoneos;
				SWIFT_ACTIVE_COMPILATION_CONDITIONS = "DEBUG $(inherited)";
				SWIFT_OPTIMIZATION_LEVEL = "-Onone";
			};
			name = Debug;
		};
		B67F2E852B56456B00998344 /* Release */ = {
			isa = XCBuildConfiguration;
			buildSettings = {
				ALWAYS_SEARCH_USER_PATHS = NO;
				ASSETCATALOG_COMPILER_GENERATE_SWIFT_ASSET_SYMBOL_EXTENSIONS = YES;
				CLANG_ANALYZER_NONNULL = YES;
				CLANG_ANALYZER_NUMBER_OBJECT_CONVERSION = YES_AGGRESSIVE;
				CLANG_CXX_LANGUAGE_STANDARD = "gnu++20";
				CLANG_ENABLE_MODULES = YES;
				CLANG_ENABLE_OBJC_ARC = YES;
				CLANG_ENABLE_OBJC_WEAK = YES;
				CLANG_WARN_BLOCK_CAPTURE_AUTORELEASING = YES;
				CLANG_WARN_BOOL_CONVERSION = YES;
				CLANG_WARN_COMMA = YES;
				CLANG_WARN_CONSTANT_CONVERSION = YES;
				CLANG_WARN_DEPRECATED_OBJC_IMPLEMENTATIONS = YES;
				CLANG_WARN_DIRECT_OBJC_ISA_USAGE = YES_ERROR;
				CLANG_WARN_DOCUMENTATION_COMMENTS = YES;
				CLANG_WARN_EMPTY_BODY = YES;
				CLANG_WARN_ENUM_CONVERSION = YES;
				CLANG_WARN_INFINITE_RECURSION = YES;
				CLANG_WARN_INT_CONVERSION = YES;
				CLANG_WARN_NON_LITERAL_NULL_CONVERSION = YES;
				CLANG_WARN_OBJC_IMPLICIT_RETAIN_SELF = YES;
				CLANG_WARN_OBJC_LITERAL_CONVERSION = YES;
				CLANG_WARN_OBJC_ROOT_CLASS = YES_ERROR;
				CLANG_WARN_QUOTED_INCLUDE_IN_FRAMEWORK_HEADER = YES;
				CLANG_WARN_RANGE_LOOP_ANALYSIS = YES;
				CLANG_WARN_STRICT_PROTOTYPES = YES;
				CLANG_WARN_SUSPICIOUS_MOVE = YES;
				CLANG_WARN_UNGUARDED_AVAILABILITY = YES_AGGRESSIVE;
				CLANG_WARN_UNREACHABLE_CODE = YES;
				CLANG_WARN__DUPLICATE_METHOD_MATCH = YES;
				COPY_PHASE_STRIP = NO;
				DEBUG_INFORMATION_FORMAT = "dwarf-with-dsym";
				ENABLE_NS_ASSERTIONS = NO;
				ENABLE_STRICT_OBJC_MSGSEND = YES;
				ENABLE_USER_SCRIPT_SANDBOXING = YES;
				GCC_C_LANGUAGE_STANDARD = gnu17;
				GCC_NO_COMMON_BLOCKS = YES;
				GCC_WARN_64_TO_32_BIT_CONVERSION = YES;
				GCC_WARN_ABOUT_RETURN_TYPE = YES_ERROR;
				GCC_WARN_UNDECLARED_SELECTOR = YES;
				GCC_WARN_UNINITIALIZED_AUTOS = YES_AGGRESSIVE;
				GCC_WARN_UNUSED_FUNCTION = YES;
				GCC_WARN_UNUSED_VARIABLE = YES;
				IPHONEOS_DEPLOYMENT_TARGET = 17.2;
				LOCALIZATION_PREFERS_STRING_CATALOGS = YES;
				MTL_ENABLE_DEBUG_INFO = NO;
				MTL_FAST_MATH = YES;
				SDKROOT = iphoneos;
				SWIFT_COMPILATION_MODE = wholemodule;
				VALIDATE_PRODUCT = YES;
			};
			name = Release;
		};
		B67F2E872B56456B00998344 /* Debug */ = {
			isa = XCBuildConfiguration;
			buildSettings = {
				ASSETCATALOG_COMPILER_APPICON_NAME = AppIcon;
				ASSETCATALOG_COMPILER_GLOBAL_ACCENT_COLOR_NAME = AccentColor;
				CODE_SIGN_STYLE = Automatic;
				CURRENT_PROJECT_VERSION = 1;
				DEVELOPMENT_TEAM = LVML7564ED;
				GENERATE_INFOPLIST_FILE = YES;
				INFOPLIST_FILE = RickMorty/Core/Info.plist;
				INFOPLIST_KEY_UIApplicationSupportsIndirectInputEvents = YES;
				INFOPLIST_KEY_UILaunchStoryboardName = LaunchScreen;
				INFOPLIST_KEY_UISupportedInterfaceOrientations = UIInterfaceOrientationPortrait;
				INFOPLIST_KEY_UISupportedInterfaceOrientations_iPad = "UIInterfaceOrientationLandscapeLeft UIInterfaceOrientationLandscapeRight UIInterfaceOrientationPortrait UIInterfaceOrientationPortraitUpsideDown";
				IPHONEOS_DEPLOYMENT_TARGET = 15.0;
				LD_RUNPATH_SEARCH_PATHS = (
					"$(inherited)",
					"@executable_path/Frameworks",
				);
				MARKETING_VERSION = 1.0;
				PRODUCT_BUNDLE_IDENTIFIER = org.9b2244dd8eec6ace.RickMorty;
				PRODUCT_NAME = "$(TARGET_NAME)";
				SWIFT_EMIT_LOC_STRINGS = YES;
				SWIFT_VERSION = 5.0;
				TARGETED_DEVICE_FAMILY = "1,2";
			};
			name = Debug;
		};
		B67F2E882B56456B00998344 /* Release */ = {
			isa = XCBuildConfiguration;
			buildSettings = {
				ASSETCATALOG_COMPILER_APPICON_NAME = AppIcon;
				ASSETCATALOG_COMPILER_GLOBAL_ACCENT_COLOR_NAME = AccentColor;
				CODE_SIGN_STYLE = Automatic;
				CURRENT_PROJECT_VERSION = 1;
				DEVELOPMENT_TEAM = LVML7564ED;
				GENERATE_INFOPLIST_FILE = YES;
				INFOPLIST_FILE = RickMorty/Core/Info.plist;
				INFOPLIST_KEY_UIApplicationSupportsIndirectInputEvents = YES;
				INFOPLIST_KEY_UILaunchStoryboardName = LaunchScreen;
				INFOPLIST_KEY_UISupportedInterfaceOrientations = UIInterfaceOrientationPortrait;
				INFOPLIST_KEY_UISupportedInterfaceOrientations_iPad = "UIInterfaceOrientationLandscapeLeft UIInterfaceOrientationLandscapeRight UIInterfaceOrientationPortrait UIInterfaceOrientationPortraitUpsideDown";
				IPHONEOS_DEPLOYMENT_TARGET = 15.0;
				LD_RUNPATH_SEARCH_PATHS = (
					"$(inherited)",
					"@executable_path/Frameworks",
				);
				MARKETING_VERSION = 1.0;
				PRODUCT_BUNDLE_IDENTIFIER = org.9b2244dd8eec6ace.RickMorty;
				PRODUCT_NAME = "$(TARGET_NAME)";
				SWIFT_EMIT_LOC_STRINGS = YES;
				SWIFT_VERSION = 5.0;
				TARGETED_DEVICE_FAMILY = "1,2";
			};
			name = Release;
		};
/* End XCBuildConfiguration section */

/* Begin XCConfigurationList section */
		B62607962B690E120022CB11 /* Build configuration list for PBXNativeTarget "RickMortyTests" */ = {
			isa = XCConfigurationList;
			buildConfigurations = (
				B62607942B690E120022CB11 /* Debug */,
				B62607952B690E120022CB11 /* Release */,
			);
			defaultConfigurationIsVisible = 0;
			defaultConfigurationName = Release;
		};
		B67F2E6D2B56456A00998344 /* Build configuration list for PBXProject "RickMorty" */ = {
			isa = XCConfigurationList;
			buildConfigurations = (
				B67F2E842B56456B00998344 /* Debug */,
				B67F2E852B56456B00998344 /* Release */,
			);
			defaultConfigurationIsVisible = 0;
			defaultConfigurationName = Release;
		};
		B67F2E862B56456B00998344 /* Build configuration list for PBXNativeTarget "RickMorty" */ = {
			isa = XCConfigurationList;
			buildConfigurations = (
				B67F2E872B56456B00998344 /* Debug */,
				B67F2E882B56456B00998344 /* Release */,
			);
			defaultConfigurationIsVisible = 0;
			defaultConfigurationName = Release;
		};
/* End XCConfigurationList section */

/* Begin XCRemoteSwiftPackageReference section */
		B62607972B690F0B0022CB11 /* XCRemoteSwiftPackageReference "swift-snapshot-testing" */ = {
			isa = XCRemoteSwiftPackageReference;
			repositoryURL = "https://github.com/pointfreeco/swift-snapshot-testing";
			requirement = {
				kind = upToNextMinorVersion;
				minimumVersion = 1.15.2;
			};
		};
		B67F2EA02B56A94700998344 /* XCRemoteSwiftPackageReference "Kingfisher" */ = {
			isa = XCRemoteSwiftPackageReference;
			repositoryURL = "https://github.com/onevcat/Kingfisher.git";
			requirement = {
				kind = upToNextMinorVersion;
				minimumVersion = 7.10.2;
			};
		};
/* End XCRemoteSwiftPackageReference section */

/* Begin XCSwiftPackageProductDependency section */
		B62607982B690F0B0022CB11 /* InlineSnapshotTesting */ = {
			isa = XCSwiftPackageProductDependency;
			package = B62607972B690F0B0022CB11 /* XCRemoteSwiftPackageReference "swift-snapshot-testing" */;
			productName = InlineSnapshotTesting;
		};
		B626079A2B690F0B0022CB11 /* SnapshotTesting */ = {
			isa = XCSwiftPackageProductDependency;
			package = B62607972B690F0B0022CB11 /* XCRemoteSwiftPackageReference "swift-snapshot-testing" */;
			productName = SnapshotTesting;
		};
		B67F2EA12B56A94700998344 /* Kingfisher */ = {
			isa = XCSwiftPackageProductDependency;
			package = B67F2EA02B56A94700998344 /* XCRemoteSwiftPackageReference "Kingfisher" */;
			productName = Kingfisher;
		};
/* End XCSwiftPackageProductDependency section */
	};
	rootObject = B67F2E6A2B56456A00998344 /* Project object */;
}
